
Microsoft Visual Studio Solution File, Format Version 12.00
# Visual Studio Version 17
VisualStudioVersion = 17.5.002.0
MinimumVisualStudioVersion = 10.0.40219.1
Project("{9A19103F-16F7-4668-BE54-9A1E7A4F7556}") = "EventSourcing", "EventSourcing.csproj", "{57454A54-FE1F-4307-B583-AA1ACA95B91A}"
EndProject
Global
	GlobalSection(SolutionConfigurationPlatforms) = preSolution
		Debug|Any CPU = Debug|Any CPU
		Release|Any CPU = Release|Any CPU
	EndGlobalSection
	GlobalSection(ProjectConfigurationPlatforms) = postSolution
		{57454A54-FE1F-4307-B583-AA1ACA95B91A}.Debug|Any CPU.ActiveCfg = Debug|Any CPU
		{57454A54-FE1F-4307-B583-AA1ACA95B91A}.Debug|Any CPU.Build.0 = Debug|Any CPU
		{57454A54-FE1F-4307-B583-AA1ACA95B91A}.Release|Any CPU.ActiveCfg = Release|Any CPU
		{57454A54-FE1F-4307-B583-AA1ACA95B91A}.Release|Any CPU.Build.0 = Release|Any CPU
	EndGlobalSection
	GlobalSection(SolutionProperties) = preSolution
		HideSolutionNode = FALSE
	EndGlobalSection
	GlobalSection(ExtensibilityGlobals) = postSolution
		SolutionGuid = {00B7750D-F000-448B-A482-803FA6E88746}
	EndGlobalSection
EndGlobal
